// !$*UTF8*$!
{
	archiveVersion = 1;
	classes = {
	};
	objectVersion = 55;
	objects = {

/* Begin PBXBuildFile section */
		2135C73327CBF67200EF9C7B /* AkisViewController.swift in Sources */ = {isa = PBXBuildFile; fileRef = 2135C73227CBF67200EF9C7B /* AkisViewController.swift */; };
		2135C73527CBF6A600EF9C7B /* EkleViewController.swift in Sources */ = {isa = PBXBuildFile; fileRef = 2135C73427CBF6A600EF9C7B /* EkleViewController.swift */; };
		2135C73727CBF6BF00EF9C7B /* AyarlarViewController.swift in Sources */ = {isa = PBXBuildFile; fileRef = 2135C73627CBF6BF00EF9C7B /* AyarlarViewController.swift */; };
		217498AF27CE251A0093F87A /* AkisCell.swift in Sources */ = {isa = PBXBuildFile; fileRef = 217498AE27CE251A0093F87A /* AkisCell.swift */; };
		21872A8A27CBC9EC005A7B6C /* AppDelegate.swift in Sources */ = {isa = PBXBuildFile; fileRef = 21872A8927CBC9EC005A7B6C /* AppDelegate.swift */; };
		21872A8C27CBC9EC005A7B6C /* SceneDelegate.swift in Sources */ = {isa = PBXBuildFile; fileRef = 21872A8B27CBC9EC005A7B6C /* SceneDelegate.swift */; };
		21872A8E27CBC9EC005A7B6C /* ViewController.swift in Sources */ = {isa = PBXBuildFile; fileRef = 21872A8D27CBC9EC005A7B6C /* ViewController.swift */; };
		21872A9127CBC9EC005A7B6C /* Main.storyboard in Resources */ = {isa = PBXBuildFile; fileRef = 21872A8F27CBC9EC005A7B6C /* Main.storyboard */; };
		21872A9327CBC9EF005A7B6C /* Assets.xcassets in Resources */ = {isa = PBXBuildFile; fileRef = 21872A9227CBC9EF005A7B6C /* Assets.xcassets */; };
		21872A9627CBC9EF005A7B6C /* LaunchScreen.storyboard in Resources */ = {isa = PBXBuildFile; fileRef = 21872A9427CBC9EF005A7B6C /* LaunchScreen.storyboard */; };
		21A8254527CBE3D7008F33B7 /* GoogleService-Info.plist in Resources */ = {isa = PBXBuildFile; fileRef = 21A8254427CBE3D7008F33B7 /* GoogleService-Info.plist */; };
		A0EDCBCB3F84B134C04228CC /* Pods_InstagramCloneFirebase.framework in Frameworks */ = {isa = PBXBuildFile; fileRef = 57019FBEF9BE472977BBAC94 /* Pods_InstagramCloneFirebase.framework */; };
/* End PBXBuildFile section */

/* Begin PBXFileReference section */
		173AB1ACA3B23AAF2D8BEDEC /* Pods-InstagramCloneFirebase.release.xcconfig */ = {isa = PBXFileReference; includeInIndex = 1; lastKnownFileType = text.xcconfig; name = "Pods-InstagramCloneFirebase.release.xcconfig"; path = "Target Support Files/Pods-InstagramCloneFirebase/Pods-InstagramCloneFirebase.release.xcconfig"; sourceTree = "<group>"; };
		2135C73227CBF67200EF9C7B /* AkisViewController.swift */ = {isa = PBXFileReference; lastKnownFileType = sourcecode.swift; path = AkisViewController.swift; sourceTree = "<group>"; };
		2135C73427CBF6A600EF9C7B /* EkleViewController.swift */ = {isa = PBXFileReference; lastKnownFileType = sourcecode.swift; path = EkleViewController.swift; sourceTree = "<group>"; };
		2135C73627CBF6BF00EF9C7B /* AyarlarViewController.swift */ = {isa = PBXFileReference; lastKnownFileType = sourcecode.swift; path = AyarlarViewController.swift; sourceTree = "<group>"; };
		217498AE27CE251A0093F87A /* AkisCell.swift */ = {isa = PBXFileReference; lastKnownFileType = sourcecode.swift; path = AkisCell.swift; sourceTree = "<group>"; };
		21872A8627CBC9EC005A7B6C /* InstagramCloneFirebase.app */ = {isa = PBXFileReference; explicitFileType = wrapper.application; includeInIndex = 0; path = InstagramCloneFirebase.app; sourceTree = BUILT_PRODUCTS_DIR; };
		21872A8927CBC9EC005A7B6C /* AppDelegate.swift */ = {isa = PBXFileReference; lastKnownFileType = sourcecode.swift; path = AppDelegate.swift; sourceTree = "<group>"; };
		21872A8B27CBC9EC005A7B6C /* SceneDelegate.swift */ = {isa = PBXFileReference; lastKnownFileType = sourcecode.swift; path = SceneDelegate.swift; sourceTree = "<group>"; };
		21872A8D27CBC9EC005A7B6C /* ViewController.swift */ = {isa = PBXFileReference; lastKnownFileType = sourcecode.swift; path = ViewController.swift; sourceTree = "<group>"; };
		21872A9027CBC9EC005A7B6C /* Base */ = {isa = PBXFileReference; lastKnownFileType = file.storyboard; name = Base; path = Base.lproj/Main.storyboard; sourceTree = "<group>"; };
		21872A9227CBC9EF005A7B6C /* Assets.xcassets */ = {isa = PBXFileReference; lastKnownFileType = folder.assetcatalog; path = Assets.xcassets; sourceTree = "<group>"; };
		21872A9527CBC9EF005A7B6C /* Base */ = {isa = PBXFileReference; lastKnownFileType = file.storyboard; name = Base; path = Base.lproj/LaunchScreen.storyboard; sourceTree = "<group>"; };
		21872A9727CBC9EF005A7B6C /* Info.plist */ = {isa = PBXFileReference; lastKnownFileType = text.plist.xml; path = Info.plist; sourceTree = "<group>"; };
		21A8254427CBE3D7008F33B7 /* GoogleService-Info.plist */ = {isa = PBXFileReference; fileEncoding = 4; lastKnownFileType = text.plist.xml; path = "GoogleService-Info.plist"; sourceTree = "<group>"; };
		57019FBEF9BE472977BBAC94 /* Pods_InstagramCloneFirebase.framework */ = {isa = PBXFileReference; explicitFileType = wrapper.framework; includeInIndex = 0; path = Pods_InstagramCloneFirebase.framework; sourceTree = BUILT_PRODUCTS_DIR; };
		EFD34065B8DEB41233B8BBC8 /* Pods-InstagramCloneFirebase.debug.xcconfig */ = {isa = PBXFileReference; includeInIndex = 1; lastKnownFileType = text.xcconfig; name = "Pods-InstagramCloneFirebase.debug.xcconfig"; path = "Target Support Files/Pods-InstagramCloneFirebase/Pods-InstagramCloneFirebase.debug.xcconfig"; sourceTree = "<group>"; };
/* End PBXFileReference section */

/* Begin PBXFrameworksBuildPhase section */
		21872A8327CBC9EC005A7B6C /* Frameworks */ = {
			isa = PBXFrameworksBuildPhase;
			buildActionMask = 2147483647;
			files = (
				A0EDCBCB3F84B134C04228CC /* Pods_InstagramCloneFirebase.framework in Frameworks */,
			);
			runOnlyForDeploymentPostprocessing = 0;
		};
/* End PBXFrameworksBuildPhase section */

/* Begin PBXGroup section */
		21872A7D27CBC9EC005A7B6C = {
			isa = PBXGroup;
			children = (
				21872A8827CBC9EC005A7B6C /* InstagramCloneFirebase */,
				21872A8727CBC9EC005A7B6C /* Products */,
				60E6DC29070953569649D7F9 /* Pods */,
				23A39854ECACA13B58F37E91 /* Frameworks */,
			);
			sourceTree = "<group>";
		};
		21872A8727CBC9EC005A7B6C /* Products */ = {
			isa = PBXGroup;
			children = (
				21872A8627CBC9EC005A7B6C /* InstagramCloneFirebase.app */,
			);
			name = Products;
			sourceTree = "<group>";
		};
		21872A8827CBC9EC005A7B6C /* InstagramCloneFirebase */ = {
			isa = PBXGroup;
			children = (
				21872A8927CBC9EC005A7B6C /* AppDelegate.swift */,
				21872A8B27CBC9EC005A7B6C /* SceneDelegate.swift */,
				21872A8D27CBC9EC005A7B6C /* ViewController.swift */,
				21872A8F27CBC9EC005A7B6C /* Main.storyboard */,
				21872A9227CBC9EF005A7B6C /* Assets.xcassets */,
				21872A9427CBC9EF005A7B6C /* LaunchScreen.storyboard */,
				21872A9727CBC9EF005A7B6C /* Info.plist */,
				21A8254427CBE3D7008F33B7 /* GoogleService-Info.plist */,
				2135C73227CBF67200EF9C7B /* AkisViewController.swift */,
				2135C73427CBF6A600EF9C7B /* EkleViewController.swift */,
				2135C73627CBF6BF00EF9C7B /* AyarlarViewController.swift */,
				217498AE27CE251A0093F87A /* AkisCell.swift */,
			);
			path = InstagramCloneFirebase;
			sourceTree = "<group>";
		};
		23A39854ECACA13B58F37E91 /* Frameworks */ = {
			isa = PBXGroup;
			children = (
				57019FBEF9BE472977BBAC94 /* Pods_InstagramCloneFirebase.framework */,
			);
			name = Frameworks;
			sourceTree = "<group>";
		};
		60E6DC29070953569649D7F9 /* Pods */ = {
			isa = PBXGroup;
			children = (
				EFD34065B8DEB41233B8BBC8 /* Pods-InstagramCloneFirebase.debug.xcconfig */,
				173AB1ACA3B23AAF2D8BEDEC /* Pods-InstagramCloneFirebase.release.xcconfig */,
			);
			path = Pods;
			sourceTree = "<group>";
		};
/* End PBXGroup section */

/* Begin PBXNativeTarget section */
		21872A8527CBC9EC005A7B6C /* InstagramCloneFirebase */ = {
			isa = PBXNativeTarget;
			buildConfigurationList = 21872A9A27CBC9EF005A7B6C /* Build configuration list for PBXNativeTarget "InstagramCloneFirebase" */;
			buildPhases = (
				AC3C47F89402D9C1FD6CF0C7 /* [CP] Check Pods Manifest.lock */,
				21872A8227CBC9EC005A7B6C /* Sources */,
				21872A8327CBC9EC005A7B6C /* Frameworks */,
				21872A8427CBC9EC005A7B6C /* Resources */,
				FF37C7B2E2DAE621BF4058CB /* [CP] Embed Pods Frameworks */,
			);
			buildRules = (
			);
			dependencies = (
			);
			name = InstagramCloneFirebase;
			productName = InstagramCloneFirebase;
			productReference = 21872A8627CBC9EC005A7B6C /* InstagramCloneFirebase.app */;
			productType = "com.apple.product-type.application";
		};
/* End PBXNativeTarget section */

/* Begin PBXProject section */
		21872A7E27CBC9EC005A7B6C /* Project object */ = {
			isa = PBXProject;
			attributes = {
				BuildIndependentTargetsInParallel = 1;
				LastSwiftUpdateCheck = 1300;
				LastUpgradeCheck = 1300;
				TargetAttributes = {
					21872A8527CBC9EC005A7B6C = {
						CreatedOnToolsVersion = 13.0;
					};
				};
			};
			buildConfigurationList = 21872A8127CBC9EC005A7B6C /* Build configuration list for PBXProject "InstagramCloneFirebase" */;
			compatibilityVersion = "Xcode 13.0";
			developmentRegion = en;
			hasScannedForEncodings = 0;
			knownRegions = (
				en,
				Base,
			);
			mainGroup = 21872A7D27CBC9EC005A7B6C;
			productRefGroup = 21872A8727CBC9EC005A7B6C /* Products */;
			projectDirPath = "";
			projectRoot = "";
			targets = (
				21872A8527CBC9EC005A7B6C /* InstagramCloneFirebase */,
			);
		};
/* End PBXProject section */

/* Begin PBXResourcesBuildPhase section */
		21872A8427CBC9EC005A7B6C /* Resources */ = {
			isa = PBXResourcesBuildPhase;
			buildActionMask = 2147483647;
			files = (
				21872A9627CBC9EF005A7B6C /* LaunchScreen.storyboard in Resources */,
				21A8254527CBE3D7008F33B7 /* GoogleService-Info.plist in Resources */,
				21872A9327CBC9EF005A7B6C /* Assets.xcassets in Resources */,
				21872A9127CBC9EC005A7B6C /* Main.storyboard in Resources */,
			);
			runOnlyForDeploymentPostprocessing = 0;
		};
/* End PBXResourcesBuildPhase section */

/* Begin PBXShellScriptBuildPhase section */
		AC3C47F89402D9C1FD6CF0C7 /* [CP] Check Pods Manifest.lock */ = {
			isa = PBXShellScriptBuildPhase;
			buildActionMask = 2147483647;
			files = (
			);
			inputFileListPaths = (
			);
			inputPaths = (
				"${PODS_PODFILE_DIR_PATH}/Podfile.lock",
				"${PODS_ROOT}/Manifest.lock",
			);
			name = "[CP] Check Pods Manifest.lock";
			outputFileListPaths = (
			);
			outputPaths = (
				"$(DERIVED_FILE_DIR)/Pods-InstagramCloneFirebase-checkManifestLockResult.txt",
			);
			runOnlyForDeploymentPostprocessing = 0;
			shellPath = /bin/sh;
			shellScript = "diff \"${PODS_PODFILE_DIR_PATH}/Podfile.lock\" \"${PODS_ROOT}/Manifest.lock\" > /dev/null\nif [ $? != 0 ] ; then\n    # print error to STDERR\n    echo \"error: The sandbox is not in sync with the Podfile.lock. Run 'pod install' or update your CocoaPods installation.\" >&2\n    exit 1\nfi\n# This output is used by Xcode 'outputs' to avoid re-running this script phase.\necho \"SUCCESS\" > \"${SCRIPT_OUTPUT_FILE_0}\"\n";
			showEnvVarsInLog = 0;
		};
		FF37C7B2E2DAE621BF4058CB /* [CP] Embed Pods Frameworks */ = {
			isa = PBXShellScriptBuildPhase;
			buildActionMask = 2147483647;
			files = (
			);
			inputFileListPaths = (
				"${PODS_ROOT}/Target Support Files/Pods-InstagramCloneFirebase/Pods-InstagramCloneFirebase-frameworks-${CONFIGURATION}-input-files.xcfilelist",
			);
			name = "[CP] Embed Pods Frameworks";
			outputFileListPaths = (
				"${PODS_ROOT}/Target Support Files/Pods-InstagramCloneFirebase/Pods-InstagramCloneFirebase-frameworks-${CONFIGURATION}-output-files.xcfilelist",
			);
			runOnlyForDeploymentPostprocessing = 0;
			shellPath = /bin/sh;
			shellScript = "\"${PODS_ROOT}/Target Support Files/Pods-InstagramCloneFirebase/Pods-InstagramCloneFirebase-frameworks.sh\"\n";
			showEnvVarsInLog = 0;
		};
/* End PBXShellScriptBuildPhase section */

/* Begin PBXSourcesBuildPhase section */
		21872A8227CBC9EC005A7B6C /* Sources */ = {
			isa = PBXSourcesBuildPhase;
			buildActionMask = 2147483647;
			files = (
				2135C73527CBF6A600EF9C7B /* EkleViewController.swift in Sources */,
				2135C73727CBF6BF00EF9C7B /* AyarlarViewController.swift in Sources */,
				21872A8E27CBC9EC005A7B6C /* ViewController.swift in Sources */,
				217498AF27CE251A0093F87A /* AkisCell.swift in Sources */,
				21872A8A27CBC9EC005A7B6C /* AppDelegate.swift in Sources */,
				2135C73327CBF67200EF9C7B /* AkisViewController.swift in Sources */,
				21872A8C27CBC9EC005A7B6C /* SceneDelegate.swift in Sources */,
			);
			runOnlyForDeploymentPostprocessing = 0;
		};
/* End PBXSourcesBuildPhase section */

/* Begin PBXVariantGroup section */
		21872A8F27CBC9EC005A7B6C /* Main.storyboard */ = {
			isa = PBXVariantGroup;
			children = (
				21872A9027CBC9EC005A7B6C /* Base */,
			);
			name = Main.storyboard;
			sourceTree = "<group>";
		};
		21872A9427CBC9EF005A7B6C /* LaunchScreen.storyboard */ = {
			isa = PBXVariantGroup;
			children = (
				21872A9527CBC9EF005A7B6C /* Base */,
			);
			name = LaunchScreen.storyboard;
			sourceTree = "<group>";
		};
/* End PBXVariantGroup section */

/* Begin XCBuildConfiguration section */
		21872A9827CBC9EF005A7B6C /* Debug */ = {
			isa = XCBuildConfiguration;
			buildSettings = {
				ALWAYS_SEARCH_USER_PATHS = NO;
				CLANG_ANALYZER_NONNULL = YES;
				CLANG_ANALYZER_NUMBER_OBJECT_CONVERSION = YES_AGGRESSIVE;
				CLANG_CXX_LANGUAGE_STANDARD = "gnu++17";
				CLANG_CXX_LIBRARY = "libc++";
				CLANG_ENABLE_MODULES = YES;
				CLANG_ENABLE_OBJC_ARC = YES;
				CLANG_ENABLE_OBJC_WEAK = YES;
				CLANG_WARN_BLOCK_CAPTURE_AUTORELEASING = YES;
				CLANG_WARN_BOOL_CONVERSION = YES;
				CLANG_WARN_COMMA = YES;
				CLANG_WARN_CONSTANT_CONVERSION = YES;
				CLANG_WARN_DEPRECATED_OBJC_IMPLEMENTATIONS = YES;
				CLANG_WARN_DIRECT_OBJC_ISA_USAGE = YES_ERROR;
				CLANG_WARN_DOCUMENTATION_COMMENTS = YES;
				CLANG_WARN_EMPTY_BODY = YES;
				CLANG_WARN_ENUM_CONVERSION = YES;
				CLANG_WARN_INFINITE_RECURSION = YES;
				CLANG_WARN_INT_CONVERSION = YES;
				CLANG_WARN_NON_LITERAL_NULL_CONVERSION = YES;
				CLANG_WARN_OBJC_IMPLICIT_RETAIN_SELF = YES;
				CLANG_WARN_OBJC_LITERAL_CONVERSION = YES;
				CLANG_WARN_OBJC_ROOT_CLASS = YES_ERROR;
				CLANG_WARN_QUOTED_INCLUDE_IN_FRAMEWORK_HEADER = YES;
				CLANG_WARN_RANGE_LOOP_ANALYSIS = YES;
				CLANG_WARN_STRICT_PROTOTYPES = YES;
				CLANG_WARN_SUSPICIOUS_MOVE = YES;
				CLANG_WARN_UNGUARDED_AVAILABILITY = YES_AGGRESSIVE;
				CLANG_WARN_UNREACHABLE_CODE = YES;
				CLANG_WARN__DUPLICATE_METHOD_MATCH = YES;
				COPY_PHASE_STRIP = NO;
				DEBUG_INFORMATION_FORMAT = dwarf;
				ENABLE_STRICT_OBJC_MSGSEND = YES;
				ENABLE_TESTABILITY = YES;
				GCC_C_LANGUAGE_STANDARD = gnu11;
				GCC_DYNAMIC_NO_PIC = NO;
				GCC_NO_COMMON_BLOCKS = YES;
				GCC_OPTIMIZATION_LEVEL = 0;
				GCC_PREPROCESSOR_DEFINITIONS = (
					"DEBUG=1",
					"$(inherited)",
				);
				GCC_WARN_64_TO_32_BIT_CONVERSION = YES;
				GCC_WARN_ABOUT_RETURN_TYPE = YES_ERROR;
				GCC_WARN_UNDECLARED_SELECTOR = YES;
				GCC_WARN_UNINITIALIZED_AUTOS = YES_AGGRESSIVE;
				GCC_WARN_UNUSED_FUNCTION = YES;
				GCC_WARN_UNUSED_VARIABLE = YES;
				IPHONEOS_DEPLOYMENT_TARGET = 15.0;
				MTL_ENABLE_DEBUG_INFO = INCLUDE_SOURCE;
				MTL_FAST_MATH = YES;
				ONLY_ACTIVE_ARCH = YES;
				SDKROOT = iphoneos;
				SWIFT_ACTIVE_COMPILATION_CONDITIONS = DEBUG;
				SWIFT_OPTIMIZATION_LEVEL = "-Onone";
			};
			name = Debug;
		};
		21872A9927CBC9EF005A7B6C /* Release */ = {
			isa = XCBuildConfiguration;
			buildSettings = {
				ALWAYS_SEARCH_USER_PATHS = NO;
				CLANG_ANALYZER_NONNULL = YES;
				CLANG_ANALYZER_NUMBER_OBJECT_CONVERSION = YES_AGGRESSIVE;
				CLANG_CXX_LANGUAGE_STANDARD = "gnu++17";
				CLANG_CXX_LIBRARY = "libc++";
				CLANG_ENABLE_MODULES = YES;
				CLANG_ENABLE_OBJC_ARC = YES;
				CLANG_ENABLE_OBJC_WEAK = YES;
				CLANG_WARN_BLOCK_CAPTURE_AUTORELEASING = YES;
				CLANG_WARN_BOOL_CONVERSION = YES;
				CLANG_WARN_COMMA = YES;
				CLANG_WARN_CONSTANT_CONVERSION = YES;
				CLANG_WARN_DEPRECATED_OBJC_IMPLEMENTATIONS = YES;
				CLANG_WARN_DIRECT_OBJC_ISA_USAGE = YES_ERROR;
				CLANG_WARN_DOCUMENTATION_COMMENTS = YES;
				CLANG_WARN_EMPTY_BODY = YES;
				CLANG_WARN_ENUM_CONVERSION = YES;
				CLANG_WARN_INFINITE_RECURSION = YES;
				CLANG_WARN_INT_CONVERSION = YES;
				CLANG_WARN_NON_LITERAL_NULL_CONVERSION = YES;
				CLANG_WARN_OBJC_IMPLICIT_RETAIN_SELF = YES;
				CLANG_WARN_OBJC_LITERAL_CONVERSION = YES;
				CLANG_WARN_OBJC_ROOT_CLASS = YES_ERROR;
				CLANG_WARN_QUOTED_INCLUDE_IN_FRAMEWORK_HEADER = YES;
				CLANG_WARN_RANGE_LOOP_ANALYSIS = YES;
				CLANG_WARN_STRICT_PROTOTYPES = YES;
				CLANG_WARN_SUSPICIOUS_MOVE = YES;
				CLANG_WARN_UNGUARDED_AVAILABILITY = YES_AGGRESSIVE;
				CLANG_WARN_UNREACHABLE_CODE = YES;
				CLANG_WARN__DUPLICATE_METHOD_MATCH = YES;
				COPY_PHASE_STRIP = NO;
				DEBUG_INFORMATION_FORMAT = "dwarf-with-dsym";
				ENABLE_NS_ASSERTIONS = NO;
				ENABLE_STRICT_OBJC_MSGSEND = YES;
				GCC_C_LANGUAGE_STANDARD = gnu11;
				GCC_NO_COMMON_BLOCKS = YES;
				GCC_WARN_64_TO_32_BIT_CONVERSION = YES;
				GCC_WARN_ABOUT_RETURN_TYPE = YES_ERROR;
				GCC_WARN_UNDECLARED_SELECTOR = YES;
				GCC_WARN_UNINITIALIZED_AUTOS = YES_AGGRESSIVE;
				GCC_WARN_UNUSED_FUNCTION = YES;
				GCC_WARN_UNUSED_VARIABLE = YES;
				IPHONEOS_DEPLOYMENT_TARGET = 15.0;
				MTL_ENABLE_DEBUG_INFO = NO;
				MTL_FAST_MATH = YES;
				SDKROOT = iphoneos;
				SWIFT_COMPILATION_MODE = wholemodule;
				SWIFT_OPTIMIZATION_LEVEL = "-O";
				VALIDATE_PRODUCT = YES;
			};
			name = Release;
		};
		21872A9B27CBC9EF005A7B6C /* Debug */ = {
			isa = XCBuildConfiguration;
			baseConfigurationReference = EFD34065B8DEB41233B8BBC8 /* Pods-InstagramCloneFirebase.debug.xcconfig */;
			buildSettings = {
				ASSETCATALOG_COMPILER_APPICON_NAME = AppIcon;
				ASSETCATALOG_COMPILER_GLOBAL_ACCENT_COLOR_NAME = AccentColor;
				CODE_SIGN_STYLE = Automatic;
				CURRENT_PROJECT_VERSION = 1;
				GENERATE_INFOPLIST_FILE = YES;
				INFOPLIST_FILE = InstagramCloneFirebase/Info.plist;
				INFOPLIST_KEY_UIApplicationSupportsIndirectInputEvents = YES;
				INFOPLIST_KEY_UILaunchStoryboardName = LaunchScreen;
				INFOPLIST_KEY_UIMainStoryboardFile = Main;
				INFOPLIST_KEY_UISupportedInterfaceOrientations = UIInterfaceOrientationPortrait;
				INFOPLIST_KEY_UISupportedInterfaceOrientations_iPad = "UIInterfaceOrientationPortrait UIInterfaceOrientationPortraitUpsideDown UIInterfaceOrientationLandscapeLeft UIInterfaceOrientationLandscapeRight";
				INFOPLIST_KEY_UISupportedInterfaceOrientations_iPhone = "UIInterfaceOrientationPortrait UIInterfaceOrientationLandscapeLeft UIInterfaceOrientationLandscapeRight";
				LD_RUNPATH_SEARCH_PATHS = (
					"$(inherited)",
					"@executable_path/Frameworks",
				);
				MARKETING_VERSION = 1.0;
				PRODUCT_BUNDLE_IDENTIFIER = com.nihatcancivi.InstagramCloneFirebase;
				PRODUCT_NAME = "$(TARGET_NAME)";
				SWIFT_EMIT_LOC_STRINGS = YES;
				SWIFT_VERSION = 5.0;
				TARGETED_DEVICE_FAMILY = "1,2";
			};
			name = Debug;
		};
		21872A9C27CBC9EF005A7B6C /* Release */ = {
			isa = XCBuildConfiguration;
			baseConfigurationReference = 173AB1ACA3B23AAF2D8BEDEC /* Pods-InstagramCloneFirebase.release.xcconfig */;
			buildSettings = {
				ASSETCATALOG_COMPILER_APPICON_NAME = AppIcon;
				ASSETCATALOG_COMPILER_GLOBAL_ACCENT_COLOR_NAME = AccentColor;
				CODE_SIGN_STYLE = Automatic;
				CURRENT_PROJECT_VERSION = 1;
				GENERATE_INFOPLIST_FILE = YES;
				INFOPLIST_FILE = InstagramCloneFirebase/Info.plist;
				INFOPLIST_KEY_UIApplicationSupportsIndirectInputEvents = YES;
				INFOPLIST_KEY_UILaunchStoryboardName = LaunchScreen;
				INFOPLIST_KEY_UIMainStoryboardFile = Main;
				INFOPLIST_KEY_UISupportedInterfaceOrientations = UIInterfaceOrientationPortrait;
				INFOPLIST_KEY_UISupportedInterfaceOrientations_iPad = "UIInterfaceOrientationPortrait UIInterfaceOrientationPortraitUpsideDown UIInterfaceOrientationLandscapeLeft UIInterfaceOrientationLandscapeRight";
				INFOPLIST_KEY_UISupportedInterfaceOrientations_iPhone = "UIInterfaceOrientationPortrait UIInterfaceOrientationLandscapeLeft UIInterfaceOrientationLandscapeRight";
				LD_RUNPATH_SEARCH_PATHS = (
					"$(inherited)",
					"@executable_path/Frameworks",
				);
				MARKETING_VERSION = 1.0;
				PRODUCT_BUNDLE_IDENTIFIER = com.nihatcancivi.InstagramCloneFirebase;
				PRODUCT_NAME = "$(TARGET_NAME)";
				SWIFT_EMIT_LOC_STRINGS = YES;
				SWIFT_VERSION = 5.0;
				TARGETED_DEVICE_FAMILY = "1,2";
			};
			name = Release;
		};
/* End XCBuildConfiguration section */

/* Begin XCConfigurationList section */
		21872A8127CBC9EC005A7B6C /* Build configuration list for PBXProject "InstagramCloneFirebase" */ = {
			isa = XCConfigurationList;
			buildConfigurations = (
				21872A9827CBC9EF005A7B6C /* Debug */,
				21872A9927CBC9EF005A7B6C /* Release */,
			);
			defaultConfigurationIsVisible = 0;
			defaultConfigurationName = Release;
		};
		21872A9A27CBC9EF005A7B6C /* Build configuration list for PBXNativeTarget "InstagramCloneFirebase" */ = {
			isa = XCConfigurationList;
			buildConfigurations = (
				21872A9B27CBC9EF005A7B6C /* Debug */,
				21872A9C27CBC9EF005A7B6C /* Release */,
			);
			defaultConfigurationIsVisible = 0;
			defaultConfigurationName = Release;
		};
/* End XCConfigurationList section */
	};
	rootObject = 21872A7E27CBC9EC005A7B6C /* Project object */;
}
